PODS:
  - Alamofire (4.7.3)
  - AlamofireImage (3.4.1):
    - Alamofire (~> 4.7)
  - Apollo (0.9.4):
    - Apollo/Core (= 0.9.4)
  - Apollo/Core (0.9.4)
  - Bartinter (0.0.4)
  - Crashlytics (3.10.9):
    - Fabric (~> 1.7.13)
  - Fabric (1.7.13)
  - Kingfisher (4.10.0)
  - Moya (11.0.2):
    - Moya/Core (= 11.0.2)
  - Moya/Core (11.0.2):
    - Alamofire (~> 4.1)
    - Result (~> 3.0)
  - Presentation (4.1.2)
  - Result (3.2.4)
  - SnapKit (4.0.1)
  - SwiftLint (0.27.0)

DEPENDENCIES:
  - AlamofireImage
  - Apollo
  - Bartinter
  - Crashlytics
  - Fabric
  - Kingfisher (~> 4.0)
  - Moya
  - Presentation (from `https://github.com/mattbarker016/Presentation.git`)
  - SnapKit
  - SwiftLint

SPEC REPOS:
  https://github.com/cocoapods/specs.git:
    - Alamofire
    - AlamofireImage
    - Apollo
    - Bartinter
    - Crashlytics
    - Fabric
    - Kingfisher
    - Moya
    - Result
    - SnapKit
    - SwiftLint

EXTERNAL SOURCES:
  Presentation:
    :git: https://github.com/mattbarker016/Presentation.git

CHECKOUT OPTIONS:
  Presentation:
    :commit: fe68b1b644b6015202430662d4db621eb1b621bc
    :git: https://github.com/mattbarker016/Presentation.git

SPEC CHECKSUMS:
  Alamofire: c7287b6e5d7da964a70935e5db17046b7fde6568
  AlamofireImage: 78d67ccbb763d87ba44b21583d2153500a195630
  Apollo: 450856adbdebcdf28c3c671f81732ac3f9944065
  Bartinter: cfc2ebf2fb8560a7d878dcbdc7d3c667c79090c9
  Crashlytics: 55e24fc23989680285a21cb1146578d9d18e432c
  Fabric: 25d0963b691fc97be566392243ff0ecef5a68338
  Kingfisher: 43c4b802d8b5256cf1f4379e9cd10b329be6d3e2
  Moya: a725035953bc1c0eb1be505ab903984501d82440
  Presentation: e8571efaa303ed9ce34c2a54d80457f881fd294e
  Result: d2d07204ce72856f1fd9130bbe42c35a7b0fea10
  SnapKit: 0de968a9fec17499afa29683b05d0c775b6d1c29
  SwiftLint: 3207c1faa2240bf8973b191820a116113cd11073

PODFILE CHECKSUM: 15f50c5bbcb8e15a1e58a759389287d41cdb1c14

COCOAPODS: 1.5.3
