PODS:
  - Alamofire (4.8.1)
  - AlamofireImage (3.5.0):
    - Alamofire (~> 4.8)
  - Apollo (0.9.5):
    - Apollo/Core (= 0.9.5)
  - Apollo/Core (0.9.5)
  - Bartinter (0.0.4)
  - Crashlytics (3.12.0):
    - Fabric (~> 1.9.0)
  - Fabric (1.9.0)
  - Kingfisher (4.10.1)
  - Presentation (4.1.2)
  - SnapKit (4.2.0)
  - SwiftLint (0.30.1)

DEPENDENCIES:
  - AlamofireImage
  - Apollo (from `https://github.com/apollographql/apollo-ios.git`, commit `b28c3dc`)
  - Bartinter
  - Crashlytics
  - Fabric
  - Kingfisher (~> 4.0)
  - Presentation (from `https://github.com/cuappdev/Presentation.git`)
  - SnapKit
  - SwiftLint

SPEC REPOS:
  https://github.com/cocoapods/specs.git:
    - Alamofire
    - AlamofireImage
    - Bartinter
    - Crashlytics
    - Fabric
    - Kingfisher
    - SnapKit
    - SwiftLint

EXTERNAL SOURCES:
  Apollo:
    :commit: b28c3dc
    :git: https://github.com/apollographql/apollo-ios.git
  Presentation:
    :git: https://github.com/cuappdev/Presentation.git

CHECKOUT OPTIONS:
  Apollo:
    :commit: b28c3dc
    :git: https://github.com/apollographql/apollo-ios.git
  Presentation:
    :commit: fe68b1b644b6015202430662d4db621eb1b621bc
    :git: https://github.com/cuappdev/Presentation.git

SPEC CHECKSUMS:
  Alamofire: 16ce2c353fb72865124ddae8a57c5942388f4f11
  AlamofireImage: 1aea346f4dda2f6c67622fa5a89fcbb80d79cc16
  Apollo: 19caf3246d292bbb69ecad1bd098661f78222aba
  Bartinter: cfc2ebf2fb8560a7d878dcbdc7d3c667c79090c9
  Crashlytics: 07fb167b1694128c1c9a5a5cc319b0e9c3ca0933
  Fabric: f988e33c97f08930a413e08123064d2e5f68d655
  Kingfisher: c148cd7b47ebde9989f6bc7c27dcaa79d81279a0
  Presentation: e8571efaa303ed9ce34c2a54d80457f881fd294e
  SnapKit: fe8a619752f3f27075cc9a90244d75c6c3f27e2a
  SwiftLint: a54bf1fe12b55c68560eb2a7689dfc81458508f7

PODFILE CHECKSUM: f6ead483ba70cf432aa4749a0dba957daa48be5d

COCOAPODS: 1.6.1
