// !$*UTF8*$!
{
	archiveVersion = 1;
	classes = {
	};
	objectVersion = 48;
	objects = {

/* Begin PBXBuildFile section */
		635AF234204F85000020F6C6 /* ClassDetailViewController.swift in Sources */ = {isa = PBXBuildFile; fileRef = 635AF233204F85000020F6C6 /* ClassDetailViewController.swift */; };
		65E914EB207C697800A72101 /* Keys.swift in Sources */ = {isa = PBXBuildFile; fileRef = 65E914EA207C697800A72101 /* Keys.swift */; };
		86F603DDEA1DB2972587C1AA /* Pods_Fitness.framework in Frameworks */ = {isa = PBXBuildFile; fileRef = 3734B4297C424A77DA3AF7D6 /* Pods_Fitness.framework */; };
		8D03EE05206C473200EF83C7 /* HomeScreenHeaderView.swift in Sources */ = {isa = PBXBuildFile; fileRef = 8D03EE04206C473200EF83C7 /* HomeScreenHeaderView.swift */; };
		8D03EE07206C475200EF83C7 /* HomeSectionHeaderView.swift in Sources */ = {isa = PBXBuildFile; fileRef = 8D03EE06206C475200EF83C7 /* HomeSectionHeaderView.swift */; };
		8D03EE09206C477600EF83C7 /* AllGymsCell.swift in Sources */ = {isa = PBXBuildFile; fileRef = 8D03EE08206C477600EF83C7 /* AllGymsCell.swift */; };
		8D03EE0B206C47D400EF83C7 /* CategoryCell.swift in Sources */ = {isa = PBXBuildFile; fileRef = 8D03EE0A206C47D400EF83C7 /* CategoryCell.swift */; };
		8D03EE0D206C47EE00EF83C7 /* ClassesCell.swift in Sources */ = {isa = PBXBuildFile; fileRef = 8D03EE0C206C47EE00EF83C7 /* ClassesCell.swift */; };
		8D03EE0F206C481A00EF83C7 /* GymsCell.swift in Sources */ = {isa = PBXBuildFile; fileRef = 8D03EE0E206C481A00EF83C7 /* GymsCell.swift */; };
		8D03EE11206C483500EF83C7 /* LookingForCell.swift in Sources */ = {isa = PBXBuildFile; fileRef = 8D03EE10206C483500EF83C7 /* LookingForCell.swift */; };
		8D03EE13206C484D00EF83C7 /* TodaysClassesCell.swift in Sources */ = {isa = PBXBuildFile; fileRef = 8D03EE12206C484D00EF83C7 /* TodaysClassesCell.swift */; };
		C7090D1E2083AC3300F83FD3 /* Keys.plist in Resources */ = {isa = PBXBuildFile; fileRef = C7090D1D2083AC3300F83FD3 /* Keys.plist */; };
		C73637282082F170004751F5 /* Gym.swift in Sources */ = {isa = PBXBuildFile; fileRef = C73637272082F170004751F5 /* Gym.swift */; };
		C736372A2082F193004751F5 /* GymClass.swift in Sources */ = {isa = PBXBuildFile; fileRef = C73637292082F193004751F5 /* GymClass.swift */; };
		C736372C2082F19C004751F5 /* Instructor.swift in Sources */ = {isa = PBXBuildFile; fileRef = C736372B2082F19C004751F5 /* Instructor.swift */; };
		C736372F208316DF004751F5 /* Networking.swift in Sources */ = {isa = PBXBuildFile; fileRef = C736372E208316DF004751F5 /* Networking.swift */; };
		C7434C0F208D23E0006F3249 /* GymClassInstance.swift in Sources */ = {isa = PBXBuildFile; fileRef = C7434C0E208D23E0006F3249 /* GymClassInstance.swift */; };
		C7434C11208D27C1006F3249 /* GymClassDescription.swift in Sources */ = {isa = PBXBuildFile; fileRef = C7434C10208D27C1006F3249 /* GymClassDescription.swift */; };
		C75EC9502059AC90007BC98A /* UIColor+Shared.swift in Sources */ = {isa = PBXBuildFile; fileRef = C75EC94F2059AC90007BC98A /* UIColor+Shared.swift */; };
		C75EC9522059ACD2007BC98A /* UIFont+Shared.swift in Sources */ = {isa = PBXBuildFile; fileRef = C75EC9512059ACD2007BC98A /* UIFont+Shared.swift */; };
		C75FAB0F20420B42008D455A /* TabBarController.swift in Sources */ = {isa = PBXBuildFile; fileRef = C75FAB0E20420B42008D455A /* TabBarController.swift */; };
		C75FAB1120420B7B008D455A /* HomeController.swift in Sources */ = {isa = PBXBuildFile; fileRef = C75FAB1020420B7B008D455A /* HomeController.swift */; };
		C76A70AC205EC7B700E60CC8 /* BebasNeue-Regular.ttf in Resources */ = {isa = PBXBuildFile; fileRef = C76A70AB205EC7B700E60CC8 /* BebasNeue-Regular.ttf */; };
		C76A70B2205ED2E100E60CC8 /* Montserrat-Light.ttf in Resources */ = {isa = PBXBuildFile; fileRef = C76A70B1205ED2E100E60CC8 /* Montserrat-Light.ttf */; };
		C76A70B4205ED2E900E60CC8 /* Montserrat-Medium.ttf in Resources */ = {isa = PBXBuildFile; fileRef = C76A70B3205ED2E900E60CC8 /* Montserrat-Medium.ttf */; };
		C7ABE48F2069BF1A0042CFA7 /* CalendarCell.swift in Sources */ = {isa = PBXBuildFile; fileRef = C7ABE48E2069BF1A0042CFA7 /* CalendarCell.swift */; };
		C7DFABCF204206E000545B0B /* AppDelegate.swift in Sources */ = {isa = PBXBuildFile; fileRef = C7DFABCE204206E000545B0B /* AppDelegate.swift */; };
		C7DFABD6204206E000545B0B /* Assets.xcassets in Resources */ = {isa = PBXBuildFile; fileRef = C7DFABD5204206E000545B0B /* Assets.xcassets */; };
		C7DFABD9204206E000545B0B /* LaunchScreen.storyboard in Resources */ = {isa = PBXBuildFile; fileRef = C7DFABD7204206E000545B0B /* LaunchScreen.storyboard */; };
		C7EBD5A72062E60A00D76A8B /* ClassListViewController.swift in Sources */ = {isa = PBXBuildFile; fileRef = C7EBD5A62062E60A00D76A8B /* ClassListViewController.swift */; };
		C7EBD5AB2062E66800D76A8B /* ClassListCell.swift in Sources */ = {isa = PBXBuildFile; fileRef = C7EBD5AA2062E66800D76A8B /* ClassListCell.swift */; };
		C7EBD5AE2062E73C00D76A8B /* ClassListHeaderView.swift in Sources */ = {isa = PBXBuildFile; fileRef = C7EBD5AD2062E73C00D76A8B /* ClassListHeaderView.swift */; };
		C7EBD5B02062F14D00D76A8B /* Montserrat-Regular.ttf in Resources */ = {isa = PBXBuildFile; fileRef = C7EBD5AF2062F14D00D76A8B /* Montserrat-Regular.ttf */; };
		C7EBD5B32062FDEB00D76A8B /* SearchBar.swift in Sources */ = {isa = PBXBuildFile; fileRef = C7EBD5B22062FDEB00D76A8B /* SearchBar.swift */; };
/* End PBXBuildFile section */

/* Begin PBXFileReference section */
		25DE0870693CFCF450514DCD /* Pods-Fitness.release.xcconfig */ = {isa = PBXFileReference; includeInIndex = 1; lastKnownFileType = text.xcconfig; name = "Pods-Fitness.release.xcconfig"; path = "Pods/Target Support Files/Pods-Fitness/Pods-Fitness.release.xcconfig"; sourceTree = "<group>"; };
		3734B4297C424A77DA3AF7D6 /* Pods_Fitness.framework */ = {isa = PBXFileReference; explicitFileType = wrapper.framework; includeInIndex = 0; path = Pods_Fitness.framework; sourceTree = BUILT_PRODUCTS_DIR; };
		635AF233204F85000020F6C6 /* ClassDetailViewController.swift */ = {isa = PBXFileReference; fileEncoding = 4; lastKnownFileType = sourcecode.swift; path = ClassDetailViewController.swift; sourceTree = "<group>"; };
		65E914EA207C697800A72101 /* Keys.swift */ = {isa = PBXFileReference; fileEncoding = 4; lastKnownFileType = sourcecode.swift; path = Keys.swift; sourceTree = "<group>"; };
		6EC1508212FA58A5CA1EB2E5 /* Pods-Fitness.debug.xcconfig */ = {isa = PBXFileReference; includeInIndex = 1; lastKnownFileType = text.xcconfig; name = "Pods-Fitness.debug.xcconfig"; path = "Pods/Target Support Files/Pods-Fitness/Pods-Fitness.debug.xcconfig"; sourceTree = "<group>"; };
		8D03EE04206C473200EF83C7 /* HomeScreenHeaderView.swift */ = {isa = PBXFileReference; lastKnownFileType = sourcecode.swift; path = HomeScreenHeaderView.swift; sourceTree = "<group>"; };
		8D03EE06206C475200EF83C7 /* HomeSectionHeaderView.swift */ = {isa = PBXFileReference; lastKnownFileType = sourcecode.swift; path = HomeSectionHeaderView.swift; sourceTree = "<group>"; };
		8D03EE08206C477600EF83C7 /* AllGymsCell.swift */ = {isa = PBXFileReference; lastKnownFileType = sourcecode.swift; path = AllGymsCell.swift; sourceTree = "<group>"; };
		8D03EE0A206C47D400EF83C7 /* CategoryCell.swift */ = {isa = PBXFileReference; lastKnownFileType = sourcecode.swift; path = CategoryCell.swift; sourceTree = "<group>"; };
		8D03EE0C206C47EE00EF83C7 /* ClassesCell.swift */ = {isa = PBXFileReference; lastKnownFileType = sourcecode.swift; path = ClassesCell.swift; sourceTree = "<group>"; };
		8D03EE0E206C481A00EF83C7 /* GymsCell.swift */ = {isa = PBXFileReference; lastKnownFileType = sourcecode.swift; path = GymsCell.swift; sourceTree = "<group>"; };
		8D03EE10206C483500EF83C7 /* LookingForCell.swift */ = {isa = PBXFileReference; lastKnownFileType = sourcecode.swift; path = LookingForCell.swift; sourceTree = "<group>"; };
		8D03EE12206C484D00EF83C7 /* TodaysClassesCell.swift */ = {isa = PBXFileReference; lastKnownFileType = sourcecode.swift; path = TodaysClassesCell.swift; sourceTree = "<group>"; };
		C7090D1D2083AC3300F83FD3 /* Keys.plist */ = {isa = PBXFileReference; lastKnownFileType = text.plist.xml; path = Keys.plist; sourceTree = "<group>"; };
		C73637272082F170004751F5 /* Gym.swift */ = {isa = PBXFileReference; lastKnownFileType = sourcecode.swift; path = Gym.swift; sourceTree = "<group>"; };
		C73637292082F193004751F5 /* GymClass.swift */ = {isa = PBXFileReference; lastKnownFileType = sourcecode.swift; path = GymClass.swift; sourceTree = "<group>"; };
		C736372B2082F19C004751F5 /* Instructor.swift */ = {isa = PBXFileReference; lastKnownFileType = sourcecode.swift; path = Instructor.swift; sourceTree = "<group>"; };
		C736372E208316DF004751F5 /* Networking.swift */ = {isa = PBXFileReference; lastKnownFileType = sourcecode.swift; path = Networking.swift; sourceTree = "<group>"; };
		C7434C0E208D23E0006F3249 /* GymClassInstance.swift */ = {isa = PBXFileReference; lastKnownFileType = sourcecode.swift; path = GymClassInstance.swift; sourceTree = "<group>"; };
		C7434C10208D27C1006F3249 /* GymClassDescription.swift */ = {isa = PBXFileReference; lastKnownFileType = sourcecode.swift; path = GymClassDescription.swift; sourceTree = "<group>"; };
		C75EC94F2059AC90007BC98A /* UIColor+Shared.swift */ = {isa = PBXFileReference; lastKnownFileType = sourcecode.swift; path = "UIColor+Shared.swift"; sourceTree = "<group>"; };
		C75EC9512059ACD2007BC98A /* UIFont+Shared.swift */ = {isa = PBXFileReference; lastKnownFileType = sourcecode.swift; path = "UIFont+Shared.swift"; sourceTree = "<group>"; };
		C75FAB0E20420B42008D455A /* TabBarController.swift */ = {isa = PBXFileReference; lastKnownFileType = sourcecode.swift; path = TabBarController.swift; sourceTree = "<group>"; };
		C75FAB1020420B7B008D455A /* HomeController.swift */ = {isa = PBXFileReference; lastKnownFileType = sourcecode.swift; path = HomeController.swift; sourceTree = "<group>"; };
		C76A70AB205EC7B700E60CC8 /* BebasNeue-Regular.ttf */ = {isa = PBXFileReference; lastKnownFileType = file; path = "BebasNeue-Regular.ttf"; sourceTree = "<group>"; };
		C76A70B1205ED2E100E60CC8 /* Montserrat-Light.ttf */ = {isa = PBXFileReference; lastKnownFileType = file; path = "Montserrat-Light.ttf"; sourceTree = "<group>"; };
		C76A70B3205ED2E900E60CC8 /* Montserrat-Medium.ttf */ = {isa = PBXFileReference; lastKnownFileType = file; path = "Montserrat-Medium.ttf"; sourceTree = "<group>"; };
		C7ABE48E2069BF1A0042CFA7 /* CalendarCell.swift */ = {isa = PBXFileReference; lastKnownFileType = sourcecode.swift; path = CalendarCell.swift; sourceTree = "<group>"; };
		C7DFABCB204206E000545B0B /* Fitness.app */ = {isa = PBXFileReference; explicitFileType = wrapper.application; includeInIndex = 0; path = Fitness.app; sourceTree = BUILT_PRODUCTS_DIR; };
		C7DFABCE204206E000545B0B /* AppDelegate.swift */ = {isa = PBXFileReference; lastKnownFileType = sourcecode.swift; path = AppDelegate.swift; sourceTree = "<group>"; };
		C7DFABD5204206E000545B0B /* Assets.xcassets */ = {isa = PBXFileReference; lastKnownFileType = folder.assetcatalog; path = Assets.xcassets; sourceTree = "<group>"; };
		C7DFABD8204206E000545B0B /* Base */ = {isa = PBXFileReference; lastKnownFileType = file.storyboard; name = Base; path = Base.lproj/LaunchScreen.storyboard; sourceTree = "<group>"; };
		C7DFABDA204206E000545B0B /* Info.plist */ = {isa = PBXFileReference; lastKnownFileType = text.plist.xml; path = Info.plist; sourceTree = "<group>"; };
		C7EBD5A62062E60A00D76A8B /* ClassListViewController.swift */ = {isa = PBXFileReference; lastKnownFileType = sourcecode.swift; path = ClassListViewController.swift; sourceTree = "<group>"; };
		C7EBD5AA2062E66800D76A8B /* ClassListCell.swift */ = {isa = PBXFileReference; lastKnownFileType = sourcecode.swift; path = ClassListCell.swift; sourceTree = "<group>"; };
		C7EBD5AD2062E73C00D76A8B /* ClassListHeaderView.swift */ = {isa = PBXFileReference; lastKnownFileType = sourcecode.swift; path = ClassListHeaderView.swift; sourceTree = "<group>"; };
		C7EBD5AF2062F14D00D76A8B /* Montserrat-Regular.ttf */ = {isa = PBXFileReference; lastKnownFileType = file; path = "Montserrat-Regular.ttf"; sourceTree = "<group>"; };
		C7EBD5B22062FDEB00D76A8B /* SearchBar.swift */ = {isa = PBXFileReference; lastKnownFileType = sourcecode.swift; path = SearchBar.swift; sourceTree = "<group>"; };
/* End PBXFileReference section */

/* Begin PBXFrameworksBuildPhase section */
		C7DFABC8204206E000545B0B /* Frameworks */ = {
			isa = PBXFrameworksBuildPhase;
			buildActionMask = 2147483647;
			files = (
				86F603DDEA1DB2972587C1AA /* Pods_Fitness.framework in Frameworks */,
			);
			runOnlyForDeploymentPostprocessing = 0;
		};
/* End PBXFrameworksBuildPhase section */

/* Begin PBXGroup section */
		630ADD112051BECC00B8E255 /* Fonts */ = {
			isa = PBXGroup;
			children = (
				C76A70AB205EC7B700E60CC8 /* BebasNeue-Regular.ttf */,
				C76A70B1205ED2E100E60CC8 /* Montserrat-Light.ttf */,
				C7EBD5AF2062F14D00D76A8B /* Montserrat-Regular.ttf */,
				C76A70B3205ED2E900E60CC8 /* Montserrat-Medium.ttf */,
			);
			path = Fonts;
			sourceTree = "<group>";
		};
		C736372D2082F1F2004751F5 /* Models */ = {
			isa = PBXGroup;
			children = (
				C73637272082F170004751F5 /* Gym.swift */,
				C73637292082F193004751F5 /* GymClass.swift */,
				C7434C0E208D23E0006F3249 /* GymClassInstance.swift */,
				C7434C10208D27C1006F3249 /* GymClassDescription.swift */,
				C736372B2082F19C004751F5 /* Instructor.swift */,
			);
			path = Models;
			sourceTree = "<group>";
		};
		C75EC94E2059AC75007BC98A /* Extensions */ = {
			isa = PBXGroup;
			children = (
				C75EC94F2059AC90007BC98A /* UIColor+Shared.swift */,
				C75EC9512059ACD2007BC98A /* UIFont+Shared.swift */,
			);
			path = Extensions;
			sourceTree = "<group>";
		};
		C7DFABC2204206E000545B0B = {
			isa = PBXGroup;
			children = (
				C7DFABCD204206E000545B0B /* Fitness */,
				630ADD112051BECC00B8E255 /* Fonts */,
				C7DFABCC204206E000545B0B /* Products */,
				EDFEB459857EDEE8A7863423 /* Pods */,
				D9190BFB1F69E3A9CF967C13 /* Frameworks */,
			);
			sourceTree = "<group>";
		};
		C7DFABCC204206E000545B0B /* Products */ = {
			isa = PBXGroup;
			children = (
				C7DFABCB204206E000545B0B /* Fitness.app */,
			);
			name = Products;
			sourceTree = "<group>";
		};
		C7DFABCD204206E000545B0B /* Fitness */ = {
			isa = PBXGroup;
			children = (
				C7DFABCE204206E000545B0B /* AppDelegate.swift */,
				C736372E208316DF004751F5 /* Networking.swift */,
				C736372D2082F1F2004751F5 /* Models */,
				C7DFABE22042081000545B0B /* Controllers */,
				C7EBD5A82062E64700D76A8B /* Views */,
				C75EC94E2059AC75007BC98A /* Extensions */,
				C7EBD5B12062FDD800D76A8B /* Helpers */,
				C7DFABD5204206E000545B0B /* Assets.xcassets */,
				C7DFABD7204206E000545B0B /* LaunchScreen.storyboard */,
				65E914EA207C697800A72101 /* Keys.swift */,
				C7090D1D2083AC3300F83FD3 /* Keys.plist */,
				C7DFABDA204206E000545B0B /* Info.plist */,
			);
			path = Fitness;
			sourceTree = "<group>";
		};
		C7DFABE22042081000545B0B /* Controllers */ = {
			isa = PBXGroup;
			children = (
				C75FAB0E20420B42008D455A /* TabBarController.swift */,
				C75FAB1020420B7B008D455A /* HomeController.swift */,
				635AF233204F85000020F6C6 /* ClassDetailViewController.swift */,
				C7EBD5A62062E60A00D76A8B /* ClassListViewController.swift */,
			);
			path = Controllers;
			sourceTree = "<group>";
		};
		C7EBD5A82062E64700D76A8B /* Views */ = {
			isa = PBXGroup;
			children = (
				C7EBD5AC2062E72300D76A8B /* Headers */,
				C7EBD5A92062E64F00D76A8B /* Cells */,
			);
			path = Views;
			sourceTree = "<group>";
		};
		C7EBD5A92062E64F00D76A8B /* Cells */ = {
			isa = PBXGroup;
			children = (
				8D03EE0A206C47D400EF83C7 /* CategoryCell.swift */,
				8D03EE0C206C47EE00EF83C7 /* ClassesCell.swift */,
				8D03EE0E206C481A00EF83C7 /* GymsCell.swift */,
				8D03EE10206C483500EF83C7 /* LookingForCell.swift */,
				8D03EE12206C484D00EF83C7 /* TodaysClassesCell.swift */,
				C7EBD5AA2062E66800D76A8B /* ClassListCell.swift */,
				8D03EE08206C477600EF83C7 /* AllGymsCell.swift */,
				C7ABE48E2069BF1A0042CFA7 /* CalendarCell.swift */,
			);
			path = Cells;
			sourceTree = "<group>";
		};
		C7EBD5AC2062E72300D76A8B /* Headers */ = {
			isa = PBXGroup;
			children = (
				8D03EE04206C473200EF83C7 /* HomeScreenHeaderView.swift */,
				8D03EE06206C475200EF83C7 /* HomeSectionHeaderView.swift */,
				C7EBD5AD2062E73C00D76A8B /* ClassListHeaderView.swift */,
			);
			path = Headers;
			sourceTree = "<group>";
		};
		C7EBD5B12062FDD800D76A8B /* Helpers */ = {
			isa = PBXGroup;
			children = (
				C7EBD5B22062FDEB00D76A8B /* SearchBar.swift */,
			);
			path = Helpers;
			sourceTree = "<group>";
		};
		D9190BFB1F69E3A9CF967C13 /* Frameworks */ = {
			isa = PBXGroup;
			children = (
				3734B4297C424A77DA3AF7D6 /* Pods_Fitness.framework */,
			);
			name = Frameworks;
			sourceTree = "<group>";
		};
		EDFEB459857EDEE8A7863423 /* Pods */ = {
			isa = PBXGroup;
			children = (
				6EC1508212FA58A5CA1EB2E5 /* Pods-Fitness.debug.xcconfig */,
				25DE0870693CFCF450514DCD /* Pods-Fitness.release.xcconfig */,
			);
			name = Pods;
			sourceTree = "<group>";
		};
/* End PBXGroup section */

/* Begin PBXNativeTarget section */
		C7DFABCA204206E000545B0B /* Fitness */ = {
			isa = PBXNativeTarget;
			buildConfigurationList = C7DFABDD204206E000545B0B /* Build configuration list for PBXNativeTarget "Fitness" */;
			buildPhases = (
				9BD15CB1CD033C4DBE57E681 /* [CP] Check Pods Manifest.lock */,
				C7DFABC7204206E000545B0B /* Sources */,
				C7DFABC8204206E000545B0B /* Frameworks */,
				C7DFABC9204206E000545B0B /* Resources */,
				7B68B6796476F8A7F1E6B485 /* [CP] Embed Pods Frameworks */,
				AD9E02E12B361625C993F886 /* [CP] Copy Pods Resources */,
				8D29EFD320431FCA005B1CC8 /* ShellScript */,
			);
			buildRules = (
			);
			dependencies = (
			);
			name = Fitness;
			productName = Fitness;
			productReference = C7DFABCB204206E000545B0B /* Fitness.app */;
			productType = "com.apple.product-type.application";
		};
/* End PBXNativeTarget section */

/* Begin PBXProject section */
		C7DFABC3204206E000545B0B /* Project object */ = {
			isa = PBXProject;
			attributes = {
				LastSwiftUpdateCheck = 0920;
				LastUpgradeCheck = 0920;
				ORGANIZATIONNAME = "Keivan Shahida";
				TargetAttributes = {
					C7DFABCA204206E000545B0B = {
						CreatedOnToolsVersion = 9.2;
						ProvisioningStyle = Automatic;
					};
				};
			};
			buildConfigurationList = C7DFABC6204206E000545B0B /* Build configuration list for PBXProject "Fitness" */;
			compatibilityVersion = "Xcode 8.0";
			developmentRegion = en;
			hasScannedForEncodings = 0;
			knownRegions = (
				en,
				Base,
			);
			mainGroup = C7DFABC2204206E000545B0B;
			productRefGroup = C7DFABCC204206E000545B0B /* Products */;
			projectDirPath = "";
			projectRoot = "";
			targets = (
				C7DFABCA204206E000545B0B /* Fitness */,
			);
		};
/* End PBXProject section */

/* Begin PBXResourcesBuildPhase section */
		C7DFABC9204206E000545B0B /* Resources */ = {
			isa = PBXResourcesBuildPhase;
			buildActionMask = 2147483647;
			files = (
				C7090D1E2083AC3300F83FD3 /* Keys.plist in Resources */,
				C7EBD5B02062F14D00D76A8B /* Montserrat-Regular.ttf in Resources */,
				C76A70B2205ED2E100E60CC8 /* Montserrat-Light.ttf in Resources */,
				C76A70B4205ED2E900E60CC8 /* Montserrat-Medium.ttf in Resources */,
				C7DFABD9204206E000545B0B /* LaunchScreen.storyboard in Resources */,
				C76A70AC205EC7B700E60CC8 /* BebasNeue-Regular.ttf in Resources */,
				C7DFABD6204206E000545B0B /* Assets.xcassets in Resources */,
			);
			runOnlyForDeploymentPostprocessing = 0;
		};
/* End PBXResourcesBuildPhase section */

/* Begin PBXShellScriptBuildPhase section */
		7B68B6796476F8A7F1E6B485 /* [CP] Embed Pods Frameworks */ = {
			isa = PBXShellScriptBuildPhase;
			buildActionMask = 2147483647;
			files = (
			);
			inputPaths = (
				"${SRCROOT}/Pods/Target Support Files/Pods-Fitness/Pods-Fitness-frameworks.sh",
				"${BUILT_PRODUCTS_DIR}/KeychainSwift/KeychainSwift.framework",
				"${BUILT_PRODUCTS_DIR}/SnapKit/SnapKit.framework",
			);
			name = "[CP] Embed Pods Frameworks";
			outputPaths = (
				"${TARGET_BUILD_DIR}/${FRAMEWORKS_FOLDER_PATH}/KeychainSwift.framework",
				"${TARGET_BUILD_DIR}/${FRAMEWORKS_FOLDER_PATH}/SnapKit.framework",
			);
			runOnlyForDeploymentPostprocessing = 0;
			shellPath = /bin/sh;
			shellScript = "\"${SRCROOT}/Pods/Target Support Files/Pods-Fitness/Pods-Fitness-frameworks.sh\"\n";
			showEnvVarsInLog = 0;
		};
		8D29EFD320431FCA005B1CC8 /* ShellScript */ = {
			isa = PBXShellScriptBuildPhase;
			buildActionMask = 2147483647;
			files = (
			);
			inputPaths = (
			);
			outputPaths = (
			);
			runOnlyForDeploymentPostprocessing = 0;
			shellPath = /bin/sh;
			shellScript = "FABRIC_API_KEY=$(/usr/libexec/PlistBuddy -c \"Print :fabric-api-key\" \"${PROJECT_DIR}/Secrets/Keys.plist\")\nFABRIC_BUILD_SECRET=$(/usr/libexec/PlistBuddy -c \"Print :fabric-build-secret\" \"${PROJECT_DIR}/Secrets/Keys.plist\")\n\"${PODS_ROOT}/Fabric/run\" $FABRIC_API_KEY $FABRIC_BUILD_SECRET";
		};
		9BD15CB1CD033C4DBE57E681 /* [CP] Check Pods Manifest.lock */ = {
			isa = PBXShellScriptBuildPhase;
			buildActionMask = 2147483647;
			files = (
			);
			inputPaths = (
				"${PODS_PODFILE_DIR_PATH}/Podfile.lock",
				"${PODS_ROOT}/Manifest.lock",
			);
			name = "[CP] Check Pods Manifest.lock";
			outputPaths = (
				"$(DERIVED_FILE_DIR)/Pods-Fitness-checkManifestLockResult.txt",
			);
			runOnlyForDeploymentPostprocessing = 0;
			shellPath = /bin/sh;
			shellScript = "diff \"${PODS_PODFILE_DIR_PATH}/Podfile.lock\" \"${PODS_ROOT}/Manifest.lock\" > /dev/null\nif [ $? != 0 ] ; then\n    # print error to STDERR\n    echo \"error: The sandbox is not in sync with the Podfile.lock. Run 'pod install' or update your CocoaPods installation.\" >&2\n    exit 1\nfi\n# This output is used by Xcode 'outputs' to avoid re-running this script phase.\necho \"SUCCESS\" > \"${SCRIPT_OUTPUT_FILE_0}\"\n";
			showEnvVarsInLog = 0;
		};
		AD9E02E12B361625C993F886 /* [CP] Copy Pods Resources */ = {
			isa = PBXShellScriptBuildPhase;
			buildActionMask = 2147483647;
			files = (
			);
			inputPaths = (
			);
			name = "[CP] Copy Pods Resources";
			outputPaths = (
			);
			runOnlyForDeploymentPostprocessing = 0;
			shellPath = /bin/sh;
			shellScript = "\"${SRCROOT}/Pods/Target Support Files/Pods-Fitness/Pods-Fitness-resources.sh\"\n";
			showEnvVarsInLog = 0;
		};
/* End PBXShellScriptBuildPhase section */

/* Begin PBXSourcesBuildPhase section */
		C7DFABC7204206E000545B0B /* Sources */ = {
			isa = PBXSourcesBuildPhase;
			buildActionMask = 2147483647;
			files = (
				C7EBD5AB2062E66800D76A8B /* ClassListCell.swift in Sources */,
				C736372C2082F19C004751F5 /* Instructor.swift in Sources */,
				C7EBD5A72062E60A00D76A8B /* ClassListViewController.swift in Sources */,
				C736372F208316DF004751F5 /* Networking.swift in Sources */,
				8D03EE05206C473200EF83C7 /* HomeScreenHeaderView.swift in Sources */,
				8D03EE09206C477600EF83C7 /* AllGymsCell.swift in Sources */,
				C736372A2082F193004751F5 /* GymClass.swift in Sources */,
				C73637282082F170004751F5 /* Gym.swift in Sources */,
				635AF234204F85000020F6C6 /* ClassDetailViewController.swift in Sources */,
				C7DFABCF204206E000545B0B /* AppDelegate.swift in Sources */,
				C75FAB0F20420B42008D455A /* TabBarController.swift in Sources */,
				8D03EE0F206C481A00EF83C7 /* GymsCell.swift in Sources */,
				C7EBD5AE2062E73C00D76A8B /* ClassListHeaderView.swift in Sources */,
				C7434C11208D27C1006F3249 /* GymClassDescription.swift in Sources */,
				65E914EB207C697800A72101 /* Keys.swift in Sources */,
				8D03EE13206C484D00EF83C7 /* TodaysClassesCell.swift in Sources */,
				C7ABE48F2069BF1A0042CFA7 /* CalendarCell.swift in Sources */,
				C75EC9522059ACD2007BC98A /* UIFont+Shared.swift in Sources */,
				C7434C0F208D23E0006F3249 /* GymClassInstance.swift in Sources */,
				8D03EE0D206C47EE00EF83C7 /* ClassesCell.swift in Sources */,
				C7EBD5B32062FDEB00D76A8B /* SearchBar.swift in Sources */,
				C75EC9502059AC90007BC98A /* UIColor+Shared.swift in Sources */,
				C75FAB1120420B7B008D455A /* HomeController.swift in Sources */,
				8D03EE07206C475200EF83C7 /* HomeSectionHeaderView.swift in Sources */,
				8D03EE0B206C47D400EF83C7 /* CategoryCell.swift in Sources */,
				8D03EE11206C483500EF83C7 /* LookingForCell.swift in Sources */,
			);
			runOnlyForDeploymentPostprocessing = 0;
		};
/* End PBXSourcesBuildPhase section */

/* Begin PBXVariantGroup section */
		C7DFABD7204206E000545B0B /* LaunchScreen.storyboard */ = {
			isa = PBXVariantGroup;
			children = (
				C7DFABD8204206E000545B0B /* Base */,
			);
			name = LaunchScreen.storyboard;
			sourceTree = "<group>";
		};
/* End PBXVariantGroup section */

/* Begin XCBuildConfiguration section */
		C7DFABDB204206E000545B0B /* Debug */ = {
			isa = XCBuildConfiguration;
			buildSettings = {
				ALWAYS_SEARCH_USER_PATHS = NO;
				CLANG_ANALYZER_NONNULL = YES;
				CLANG_ANALYZER_NUMBER_OBJECT_CONVERSION = YES_AGGRESSIVE;
				CLANG_CXX_LANGUAGE_STANDARD = "gnu++14";
				CLANG_CXX_LIBRARY = "libc++";
				CLANG_ENABLE_MODULES = YES;
				CLANG_ENABLE_OBJC_ARC = YES;
				CLANG_WARN_BLOCK_CAPTURE_AUTORELEASING = YES;
				CLANG_WARN_BOOL_CONVERSION = YES;
				CLANG_WARN_COMMA = YES;
				CLANG_WARN_CONSTANT_CONVERSION = YES;
				CLANG_WARN_DIRECT_OBJC_ISA_USAGE = YES_ERROR;
				CLANG_WARN_DOCUMENTATION_COMMENTS = YES;
				CLANG_WARN_EMPTY_BODY = YES;
				CLANG_WARN_ENUM_CONVERSION = YES;
				CLANG_WARN_INFINITE_RECURSION = YES;
				CLANG_WARN_INT_CONVERSION = YES;
				CLANG_WARN_NON_LITERAL_NULL_CONVERSION = YES;
				CLANG_WARN_OBJC_LITERAL_CONVERSION = YES;
				CLANG_WARN_OBJC_ROOT_CLASS = YES_ERROR;
				CLANG_WARN_RANGE_LOOP_ANALYSIS = YES;
				CLANG_WARN_STRICT_PROTOTYPES = YES;
				CLANG_WARN_SUSPICIOUS_MOVE = YES;
				CLANG_WARN_UNGUARDED_AVAILABILITY = YES_AGGRESSIVE;
				CLANG_WARN_UNREACHABLE_CODE = YES;
				CLANG_WARN__DUPLICATE_METHOD_MATCH = YES;
				CODE_SIGN_IDENTITY = "iPhone Developer";
				COPY_PHASE_STRIP = NO;
				DEBUG_INFORMATION_FORMAT = dwarf;
				ENABLE_STRICT_OBJC_MSGSEND = YES;
				ENABLE_TESTABILITY = YES;
				GCC_C_LANGUAGE_STANDARD = gnu11;
				GCC_DYNAMIC_NO_PIC = NO;
				GCC_NO_COMMON_BLOCKS = YES;
				GCC_OPTIMIZATION_LEVEL = 0;
				GCC_PREPROCESSOR_DEFINITIONS = (
					"DEBUG=1",
					"$(inherited)",
				);
				GCC_WARN_64_TO_32_BIT_CONVERSION = YES;
				GCC_WARN_ABOUT_RETURN_TYPE = YES_ERROR;
				GCC_WARN_UNDECLARED_SELECTOR = YES;
				GCC_WARN_UNINITIALIZED_AUTOS = YES_AGGRESSIVE;
				GCC_WARN_UNUSED_FUNCTION = YES;
				GCC_WARN_UNUSED_VARIABLE = YES;
				IPHONEOS_DEPLOYMENT_TARGET = 11.2;
				MTL_ENABLE_DEBUG_INFO = YES;
				ONLY_ACTIVE_ARCH = YES;
				SDKROOT = iphoneos;
				SWIFT_ACTIVE_COMPILATION_CONDITIONS = DEBUG;
				SWIFT_OPTIMIZATION_LEVEL = "-Onone";
			};
			name = Debug;
		};
		C7DFABDC204206E000545B0B /* Release */ = {
			isa = XCBuildConfiguration;
			buildSettings = {
				ALWAYS_SEARCH_USER_PATHS = NO;
				CLANG_ANALYZER_NONNULL = YES;
				CLANG_ANALYZER_NUMBER_OBJECT_CONVERSION = YES_AGGRESSIVE;
				CLANG_CXX_LANGUAGE_STANDARD = "gnu++14";
				CLANG_CXX_LIBRARY = "libc++";
				CLANG_ENABLE_MODULES = YES;
				CLANG_ENABLE_OBJC_ARC = YES;
				CLANG_WARN_BLOCK_CAPTURE_AUTORELEASING = YES;
				CLANG_WARN_BOOL_CONVERSION = YES;
				CLANG_WARN_COMMA = YES;
				CLANG_WARN_CONSTANT_CONVERSION = YES;
				CLANG_WARN_DIRECT_OBJC_ISA_USAGE = YES_ERROR;
				CLANG_WARN_DOCUMENTATION_COMMENTS = YES;
				CLANG_WARN_EMPTY_BODY = YES;
				CLANG_WARN_ENUM_CONVERSION = YES;
				CLANG_WARN_INFINITE_RECURSION = YES;
				CLANG_WARN_INT_CONVERSION = YES;
				CLANG_WARN_NON_LITERAL_NULL_CONVERSION = YES;
				CLANG_WARN_OBJC_LITERAL_CONVERSION = YES;
				CLANG_WARN_OBJC_ROOT_CLASS = YES_ERROR;
				CLANG_WARN_RANGE_LOOP_ANALYSIS = YES;
				CLANG_WARN_STRICT_PROTOTYPES = YES;
				CLANG_WARN_SUSPICIOUS_MOVE = YES;
				CLANG_WARN_UNGUARDED_AVAILABILITY = YES_AGGRESSIVE;
				CLANG_WARN_UNREACHABLE_CODE = YES;
				CLANG_WARN__DUPLICATE_METHOD_MATCH = YES;
				CODE_SIGN_IDENTITY = "iPhone Developer";
				COPY_PHASE_STRIP = NO;
				DEBUG_INFORMATION_FORMAT = "dwarf-with-dsym";
				ENABLE_NS_ASSERTIONS = NO;
				ENABLE_STRICT_OBJC_MSGSEND = YES;
				GCC_C_LANGUAGE_STANDARD = gnu11;
				GCC_NO_COMMON_BLOCKS = YES;
				GCC_WARN_64_TO_32_BIT_CONVERSION = YES;
				GCC_WARN_ABOUT_RETURN_TYPE = YES_ERROR;
				GCC_WARN_UNDECLARED_SELECTOR = YES;
				GCC_WARN_UNINITIALIZED_AUTOS = YES_AGGRESSIVE;
				GCC_WARN_UNUSED_FUNCTION = YES;
				GCC_WARN_UNUSED_VARIABLE = YES;
				IPHONEOS_DEPLOYMENT_TARGET = 11.2;
				MTL_ENABLE_DEBUG_INFO = NO;
				SDKROOT = iphoneos;
				SWIFT_OPTIMIZATION_LEVEL = "-Owholemodule";
				VALIDATE_PRODUCT = YES;
			};
			name = Release;
		};
		C7DFABDE204206E000545B0B /* Debug */ = {
			isa = XCBuildConfiguration;
			baseConfigurationReference = 6EC1508212FA58A5CA1EB2E5 /* Pods-Fitness.debug.xcconfig */;
			buildSettings = {
				ASSETCATALOG_COMPILER_APPICON_NAME = AppIcon;
				CODE_SIGN_STYLE = Automatic;
				DEVELOPMENT_TEAM = CL9XQET3B9;
				INFOPLIST_FILE = Fitness/Info.plist;
				LD_RUNPATH_SEARCH_PATHS = "$(inherited) @executable_path/Frameworks";
				OTHER_SWIFT_FLAGS = "$(inherited) -DDEBUG";
				PRODUCT_BUNDLE_IDENTIFIER = com.cornellappdev.Fitness;
				PRODUCT_NAME = "$(TARGET_NAME)";
				SWIFT_VERSION = 4.0;
				TARGETED_DEVICE_FAMILY = "1,2";
			};
			name = Debug;
		};
		C7DFABDF204206E000545B0B /* Release */ = {
			isa = XCBuildConfiguration;
			baseConfigurationReference = 25DE0870693CFCF450514DCD /* Pods-Fitness.release.xcconfig */;
			buildSettings = {
				ASSETCATALOG_COMPILER_APPICON_NAME = AppIcon;
				CODE_SIGN_STYLE = Automatic;
				DEVELOPMENT_TEAM = CL9XQET3B9;
				INFOPLIST_FILE = Fitness/Info.plist;
				LD_RUNPATH_SEARCH_PATHS = "$(inherited) @executable_path/Frameworks";
				PRODUCT_BUNDLE_IDENTIFIER = com.cornellappdev.Fitness;
				PRODUCT_NAME = "$(TARGET_NAME)";
				SWIFT_VERSION = 4.0;
				TARGETED_DEVICE_FAMILY = "1,2";
			};
			name = Release;
		};
/* End XCBuildConfiguration section */

/* Begin XCConfigurationList section */
		C7DFABC6204206E000545B0B /* Build configuration list for PBXProject "Fitness" */ = {
			isa = XCConfigurationList;
			buildConfigurations = (
				C7DFABDB204206E000545B0B /* Debug */,
				C7DFABDC204206E000545B0B /* Release */,
			);
			defaultConfigurationIsVisible = 0;
			defaultConfigurationName = Release;
		};
		C7DFABDD204206E000545B0B /* Build configuration list for PBXNativeTarget "Fitness" */ = {
			isa = XCConfigurationList;
			buildConfigurations = (
				C7DFABDE204206E000545B0B /* Debug */,
				C7DFABDF204206E000545B0B /* Release */,
			);
			defaultConfigurationIsVisible = 0;
			defaultConfigurationName = Release;
		};
/* End XCConfigurationList section */
	};
	rootObject = C7DFABC3204206E000545B0B /* Project object */;
}
